
Microsoft Visual Studio Solution File, Format Version 12.00
# Visual Studio 2015
Project("{FAE04EC0-301F-11D3-BF4B-00C04F79EFBC}") = "NotificationTestProject.CSharp", "NotificationTestProject.CSharp.csproj", "{5538DFF9-9128-B068-92C2-C4A01645736B}"
EndProject
Global
	GlobalSection(SolutionConfigurationPlatforms) = preSolution
		Debug|Any CPU = Debug|Any CPU
		Release|Any CPU = Release|Any CPU
	EndGlobalSection
	GlobalSection(ProjectConfigurationPlatforms) = postSolution
		{5538DFF9-9128-B068-92C2-C4A01645736B}.Debug|Any CPU.ActiveCfg = Debug|Any CPU
		{5538DFF9-9128-B068-92C2-C4A01645736B}.Debug|Any CPU.Build.0 = Debug|Any CPU
		{5538DFF9-9128-B068-92C2-C4A01645736B}.Release|Any CPU.ActiveCfg = Release|Any CPU
		{5538DFF9-9128-B068-92C2-C4A01645736B}.Release|Any CPU.Build.0 = Release|Any CPU
	EndGlobalSection
	GlobalSection(SolutionProperties) = preSolution
		HideSolutionNode = FALSE
	EndGlobalSection
EndGlobal
